
Microsoft Visual Studio Solution File, Format Version 12.00
# Visual Studio Version 17
VisualStudioVersion = 17.8.34322.80
MinimumVisualStudioVersion = 10.0.40219.1
Project("{FAE04EC0-301F-11D3-BF4B-00C04F79EFBC}") = "JwtAuth", "JwtAuth.csproj", "{7ACEF9E6-D89C-4C8E-BB5E-0F89E7D8057A}"
EndProject
Global
	GlobalSection(SolutionConfigurationPlatforms) = preSolution
		Debug|Any CPU = Debug|Any CPU
		Release|Any CPU = Release|Any CPU
	EndGlobalSection
	GlobalSection(ProjectConfigurationPlatforms) = postSolution
		{7ACEF9E6-D89C-4C8E-BB5E-0F89E7D8057A}.Debug|Any CPU.ActiveCfg = Debug|Any CPU
		{7ACEF9E6-D89C-4C8E-BB5E-0F89E7D8057A}.Debug|Any CPU.Build.0 = Debug|Any CPU
		{7ACEF9E6-D89C-4C8E-BB5E-0F89E7D8057A}.Release|Any CPU.ActiveCfg = Release|Any CPU
		{7ACEF9E6-D89C-4C8E-BB5E-0F89E7D8057A}.Release|Any CPU.Build.0 = Release|Any CPU
	EndGlobalSection
	GlobalSection(SolutionProperties) = preSolution
		HideSolutionNode = FALSE
	EndGlobalSection
	GlobalSection(ExtensibilityGlobals) = postSolution
		SolutionGuid = {BF88E2A2-0947-46B0-B4BB-352D2B0ACA64}
	EndGlobalSection
EndGlobal
